# THIS IS AN AUTOGENERATED FILE. DO NOT EDIT THIS FILE DIRECTLY.
# yarn lockfile v1


fsevents@~2.3.2:
  version "2.3.2"
  resolved "https://registry-npm.rd.chanjet.com/fsevents/download/fsevents-2.3.2.tgz#8a526f78b8fdf4623b709e0b975c52c24c02fd1a"
  integrity sha1-ilJveLj99GI7cJ4Ll1xSwkwC/Ro=

rollup@^2.75.6:
  version "2.75.7"
  resolved "https://registry-npm.rd.chanjet.com/rollup/download/rollup-2.75.7.tgz#221ff11887ae271e37dcc649ba32ce1590aaa0b9"
  integrity sha1-Ih/xGIeuJx433MZJujLOFZCqoLk=
  optionalDependencies:
    fsevents "~2.3.2"
